
Microsoft Visual Studio Solution File, Format Version 12.00
# Visual Studio Version 16
VisualStudioVersion = 16.0.31229.75
MinimumVisualStudioVersion = 10.0.40219.1
Project("{FAE04EC0-301F-11D3-BF4B-00C04F79EFBC}") = "Alarm501A", "Alarm501A\Alarm501A.csproj", "{F9B88765-9C95-42D1-B786-DB1E57CCC926}"
EndProject
Global
	GlobalSection(SolutionConfigurationPlatforms) = preSolution
		Debug|Any CPU = Debug|Any CPU
		Release|Any CPU = Release|Any CPU
	EndGlobalSection
	GlobalSection(ProjectConfigurationPlatforms) = postSolution
		{F9B88765-9C95-42D1-B786-DB1E57CCC926}.Debug|Any CPU.ActiveCfg = Debug|Any CPU
		{F9B88765-9C95-42D1-B786-DB1E57CCC926}.Debug|Any CPU.Build.0 = Debug|Any CPU
		{F9B88765-9C95-42D1-B786-DB1E57CCC926}.Release|Any CPU.ActiveCfg = Release|Any CPU
		{F9B88765-9C95-42D1-B786-DB1E57CCC926}.Release|Any CPU.Build.0 = Release|Any CPU
	EndGlobalSection
	GlobalSection(SolutionProperties) = preSolution
		HideSolutionNode = FALSE
	EndGlobalSection
	GlobalSection(ExtensibilityGlobals) = postSolution
		SolutionGuid = {7762CB80-EF1A-4F0B-8895-34DE0E8AA1FA}
	EndGlobalSection
EndGlobal
